Microsoft Visual Studio Solution File, Format Version 12.00
# Visual Studio Version 17
VisualStudioVersion = 17.5.2.0
MinimumVisualStudioVersion = 10.0.40219.1
Project("{FAE04EC0-301F-11D3-BF4B-00C04F79EFBC}") = "Carteado", "Carteado.csproj", "{28650BCD-412C-FBA3-93B7-04EB88B29B59}"
EndProject
Global
	GlobalSection(SolutionConfigurationPlatforms) = preSolution
		Debug|Any CPU = Debug|Any CPU
		Release|Any CPU = Release|Any CPU
	EndGlobalSection
	GlobalSection(ProjectConfigurationPlatforms) = postSolution
		{28650BCD-412C-FBA3-93B7-04EB88B29B59}.Debug|Any CPU.ActiveCfg = Debug|Any CPU
		{28650BCD-412C-FBA3-93B7-04EB88B29B59}.Debug|Any CPU.Build.0 = Debug|Any CPU
		{28650BCD-412C-FBA3-93B7-04EB88B29B59}.Release|Any CPU.ActiveCfg = Release|Any CPU
		{28650BCD-412C-FBA3-93B7-04EB88B29B59}.Release|Any CPU.Build.0 = Release|Any CPU
	EndGlobalSection
	GlobalSection(SolutionProperties) = preSolution
		HideSolutionNode = FALSE
	EndGlobalSection
	GlobalSection(ExtensibilityGlobals) = postSolution
		SolutionGuid = {A8B1EDC4-8DD2-43C7-A590-28372DDC668E}
	EndGlobalSection
EndGlobal
